{
  "name": "osm-rangefind-index",
  "version": "0.1.0",
  "lockfileVersion": 3,
  "requires": true,
  "packages": {
    "": {
      "name": "osm-rangefind-index",
      "version": "0.1.0",
      "dependencies": {
        "rangefind": "^0.3.4"
      },
      "engines": {
        "node": ">=22"
      }
    },
    "node_modules/rangefind": {
      "version": "0.3.4",
      "resolved": "https://registry.npmjs.org/rangefind/-/rangefind-0.3.4.tgz",
      "integrity": "sha512-wsRZ0kLV/D3QiWNoFj7QVgHrmgpjyJEvUQHYB/ooPUHfYl6jFCcYaPyLRxEq2eSSgzeV7MQKk9EAp1YYTbcBwg==",
      "license": "MIT",
      "workspaces": [
        "packages/*",
        "site"
      ],
      "bin": {
        "rangefind": "bin/rangefind.js"
      },
      "engines": {
        "node": ">=22"
      }
    }
  }
}
