{
  "name": "osm-rangefind-index",
  "version": "0.1.0",
  "lockfileVersion": 3,
  "requires": true,
  "packages": {
    "": {
      "name": "osm-rangefind-index",
      "version": "0.1.0",
      "dependencies": {
        "rangefind": "^0.3.2"
      },
      "engines": {
        "node": ">=22"
      }
    },
    "node_modules/rangefind": {
      "version": "0.3.2",
      "resolved": "https://registry.npmjs.org/rangefind/-/rangefind-0.3.2.tgz",
      "integrity": "sha512-QJGLuYd/Ug1WaiSacvdqI6dGOQCdN8neqwk8hX11suW8S2yy00piX2srBNWu86Cy6srD5gZXzjGNWG9iH9TvZg==",
      "license": "MIT",
      "workspaces": [
        "packages/*",
        "site"
      ],
      "bin": {
        "rangefind": "bin/rangefind.js"
      },
      "engines": {
        "node": ">=22"
      }
    }
  }
}
