{
  "name": "osm-rangefind-index",
  "version": "0.1.0",
  "lockfileVersion": 3,
  "requires": true,
  "packages": {
    "": {
      "name": "osm-rangefind-index",
      "version": "0.1.0",
      "dependencies": {
        "rangefind": "^0.3.0"
      },
      "engines": {
        "node": ">=22"
      }
    },
    "node_modules/rangefind": {
      "version": "0.3.1",
      "resolved": "https://registry.npmjs.org/rangefind/-/rangefind-0.3.1.tgz",
      "integrity": "sha512-Rc4GkgIK7BoAsP+xCZhkzZATodie6SoeaWQ2phB/0SzFgaWYpp6xkBRsknlWJEImjo8fxsKtA2KRr3YF0Y/gMg==",
      "license": "MIT",
      "workspaces": [
        "packages/*",
        "site"
      ],
      "bin": {
        "rangefind": "bin/rangefind.js"
      },
      "engines": {
        "node": ">=22"
      }
    }
  }
}
